
Microsoft Visual Studio Solution File, Format Version 12.00
Project("{FAE04EC0-301F-11D3-BF4B-00C04F79EFBC}") = "Gale", "Gale\Gale.csproj", "{BDFE14DE-3C41-4B66-A649-F9F9DC4C517A}"
EndProject
Global
	GlobalSection(SolutionConfigurationPlatforms) = preSolution
		Debug|Any CPU = Debug|Any CPU
		Release|Any CPU = Release|Any CPU
	EndGlobalSection
	GlobalSection(ProjectConfigurationPlatforms) = postSolution
		{BDFE14DE-3C41-4B66-A649-F9F9DC4C517A}.Debug|Any CPU.ActiveCfg = Debug|Any CPU
		{BDFE14DE-3C41-4B66-A649-F9F9DC4C517A}.Debug|Any CPU.Build.0 = Debug|Any CPU
		{BDFE14DE-3C41-4B66-A649-F9F9DC4C517A}.Release|Any CPU.ActiveCfg = Release|Any CPU
		{BDFE14DE-3C41-4B66-A649-F9F9DC4C517A}.Release|Any CPU.Build.0 = Release|Any CPU
	EndGlobalSection
EndGlobal
